
Microsoft Visual Studio Solution File, Format Version 12.00
# Visual Studio Version 17
VisualStudioVersion = 17.8.34511.84
MinimumVisualStudioVersion = 10.0.40219.1
Project("{FAE04EC0-301F-11D3-BF4B-00C04F79EFBC}") = "StudentGrades", "StudentGrades\StudentGrades.csproj", "{BCDBBB88-0C4C-4CA6-AE82-5CE68B602E6E}"
EndProject
Global
	GlobalSection(SolutionConfigurationPlatforms) = preSolution
		Debug|Any CPU = Debug|Any CPU
		Release|Any CPU = Release|Any CPU
	EndGlobalSection
	GlobalSection(ProjectConfigurationPlatforms) = postSolution
		{BCDBBB88-0C4C-4CA6-AE82-5CE68B602E6E}.Debug|Any CPU.ActiveCfg = Debug|Any CPU
		{BCDBBB88-0C4C-4CA6-AE82-5CE68B602E6E}.Debug|Any CPU.Build.0 = Debug|Any CPU
		{BCDBBB88-0C4C-4CA6-AE82-5CE68B602E6E}.Release|Any CPU.ActiveCfg = Release|Any CPU
		{BCDBBB88-0C4C-4CA6-AE82-5CE68B602E6E}.Release|Any CPU.Build.0 = Release|Any CPU
	EndGlobalSection
	GlobalSection(SolutionProperties) = preSolution
		HideSolutionNode = FALSE
	EndGlobalSection
	GlobalSection(ExtensibilityGlobals) = postSolution
		SolutionGuid = {863BB149-3151-4C77-AE5E-74AC6E39DAF8}
	EndGlobalSection
EndGlobal
